
Microsoft Visual Studio Solution File, Format Version 12.00
# Visual Studio Version 17
VisualStudioVersion = 17.1.32421.90
MinimumVisualStudioVersion = 10.0.40219.1
Project("{9A19103F-16F7-4668-BE54-9A1E7A4F7556}") = "LIMS", "LIMS\LIMS.csproj", "{41BA853E-B9FC-4AD4-8592-794BDB2FC41E}"
EndProject
Project("{9A19103F-16F7-4668-BE54-9A1E7A4F7556}") = "LIMSTests", "LIMSTests\LIMSTests.csproj", "{A9295C32-248B-4D77-8D87-6F97F2DACD38}"
	ProjectSection(ProjectDependencies) = postProject
		{41BA853E-B9FC-4AD4-8592-794BDB2FC41E} = {41BA853E-B9FC-4AD4-8592-794BDB2FC41E}
	EndProjectSection
EndProject
Project("{2150E333-8FDC-42A3-9474-1A3956D46DE8}") = "Solution Items", "Solution Items", "{DAE32F4F-7431-462D-899C-6E3436025263}"
	ProjectSection(SolutionItems) = preProject
		.editorconfig = .editorconfig
	EndProjectSection
EndProject
Global
	GlobalSection(SolutionConfigurationPlatforms) = preSolution
		Debug|Any CPU = Debug|Any CPU
		Release|Any CPU = Release|Any CPU
	EndGlobalSection
	GlobalSection(ProjectConfigurationPlatforms) = postSolution
		{41BA853E-B9FC-4AD4-8592-794BDB2FC41E}.Debug|Any CPU.ActiveCfg = Debug|Any CPU
		{41BA853E-B9FC-4AD4-8592-794BDB2FC41E}.Debug|Any CPU.Build.0 = Debug|Any CPU
		{41BA853E-B9FC-4AD4-8592-794BDB2FC41E}.Release|Any CPU.ActiveCfg = Release|Any CPU
		{41BA853E-B9FC-4AD4-8592-794BDB2FC41E}.Release|Any CPU.Build.0 = Release|Any CPU
		{A9295C32-248B-4D77-8D87-6F97F2DACD38}.Debug|Any CPU.ActiveCfg = Debug|Any CPU
		{A9295C32-248B-4D77-8D87-6F97F2DACD38}.Debug|Any CPU.Build.0 = Debug|Any CPU
		{A9295C32-248B-4D77-8D87-6F97F2DACD38}.Release|Any CPU.ActiveCfg = Release|Any CPU
		{A9295C32-248B-4D77-8D87-6F97F2DACD38}.Release|Any CPU.Build.0 = Release|Any CPU
	EndGlobalSection
	GlobalSection(SolutionProperties) = preSolution
		HideSolutionNode = FALSE
	EndGlobalSection
	GlobalSection(ExtensibilityGlobals) = postSolution
		SolutionGuid = {133A5340-B97C-48CF-B23B-85183F27DC0E}
	EndGlobalSection
EndGlobal
